
Microsoft Visual Studio Solution File, Format Version 12.00
# Visual Studio Version 17
VisualStudioVersion = 17.5.002.0
MinimumVisualStudioVersion = 10.0.40219.1
Project("{9A19103F-16F7-4668-BE54-9A1E7A4F7556}") = "challenges", "challenges\challenges.csproj", "{D018F9CE-65B6-46BE-B221-20945A84084D}"
EndProject
Global
	GlobalSection(SolutionConfigurationPlatforms) = preSolution
		Debug|Any CPU = Debug|Any CPU
		Release|Any CPU = Release|Any CPU
	EndGlobalSection
	GlobalSection(ProjectConfigurationPlatforms) = postSolution
		{D018F9CE-65B6-46BE-B221-20945A84084D}.Debug|Any CPU.ActiveCfg = Debug|Any CPU
		{D018F9CE-65B6-46BE-B221-20945A84084D}.Debug|Any CPU.Build.0 = Debug|Any CPU
		{D018F9CE-65B6-46BE-B221-20945A84084D}.Release|Any CPU.ActiveCfg = Release|Any CPU
		{D018F9CE-65B6-46BE-B221-20945A84084D}.Release|Any CPU.Build.0 = Release|Any CPU
	EndGlobalSection
	GlobalSection(SolutionProperties) = preSolution
		HideSolutionNode = FALSE
	EndGlobalSection
	GlobalSection(ExtensibilityGlobals) = postSolution
		SolutionGuid = {4DE5BF49-03D0-46D9-A850-A60F6FA4F344}
	EndGlobalSection
EndGlobal
